{
  "name": "trivial-package-detection-tool",
  "version": "1.0.0",
  "lockfileVersion": 3,
  "requires": true,
  "packages": {
    "": {
      "name": "trivial-package-detection-tool",
      "version": "1.0.0",
      "license": "ISC",
      "dependencies": {
        "cloc": "^2.6.0-cloc",
        "typhonjs-escomplex": "^0.1.0"
      },
      "bin": {
        "trivial-tool": "index.js"
      }
    },
    "node_modules/@babel/helper-string-parser": {
      "version": "7.27.1",
      "resolved": "https://registry.npmjs.org/@babel/helper-string-parser/-/helper-string-parser-7.27.1.tgz",
      "integrity": "sha512-qMlSxKbpRlAridDExk92nSobyDdpPijUq2DW6oDnUqd0iOGxmQjyqhMIihI9+zv4LPyZdRje2cavWPbCbWm3eA==",
      "license": "MIT",
      "engines": {
        "node": ">=6.9.0"
      }
    },
    "node_modules/@babel/helper-validator-identifier": {
      "version": "7.27.1",
      "resolved": "https://registry.npmjs.org/@babel/helper-validator-identifier/-/helper-validator-identifier-7.27.1.tgz",
      "integrity": "sha512-D2hP9eA+Sqx1kBZgzxZh0y1trbuU+JoDkiEwqhQ36nodYqJwyEIhPSdMNd7lOm/4io72luTPWH20Yda0xOuUow==",
      "license": "MIT",
      "engines": {
        "node": ">=6.9.0"
      }
    },
    "node_modules/@babel/parser": {
      "version": "7.27.7",
      "resolved": "https://registry.npmjs.org/@babel/parser/-/parser-7.27.7.tgz",
      "integrity": "sha512-qnzXzDXdr/po3bOTbTIQZ7+TxNKxpkN5IifVLXS+r7qwynkZfPyjZfE7hCXbo7IoO9TNcSyibgONsf2HauUd3Q==",
      "license": "MIT",
      "dependencies": {
        "@babel/types": "^7.27.7"
      },
      "bin": {
        "parser": "bin/babel-parser.js"
      },
      "engines": {
        "node": ">=6.0.0"
      }
    },
    "node_modules/@babel/types": {
      "version": "7.27.7",
      "resolved": "https://registry.npmjs.org/@babel/types/-/types-7.27.7.tgz",
      "integrity": "sha512-8OLQgDScAOHXnAz2cV+RfzzNMipuLVBz2biuAJFMV9bfkNf393je3VM8CLkjQodW5+iWsSJdSgSWT6rsZoXHPw==",
      "license": "MIT",
      "dependencies": {
        "@babel/helper-string-parser": "^7.27.1",
        "@babel/helper-validator-identifier": "^7.27.1"
      },
      "engines": {
        "node": ">=6.9.0"
      }
    },
    "node_modules/@typhonjs/babel-parser": {
      "version": "0.2.0",
      "resolved": "https://registry.npmjs.org/@typhonjs/babel-parser/-/babel-parser-0.2.0.tgz",
      "integrity": "sha512-YKqLZaQAVtOjMiqcJIqex1ezduMefBitoQZjsOqr4US+Yq+cOY/obyloOJ7Ee+XDPaaraVrxWkA3VZjOohtVjQ==",
      "license": "MPL-2.0",
      "dependencies": {
        "@babel/parser": "^7.0.0",
        "babel-runtime": "^6.0.0"
      }
    },
    "node_modules/babel-runtime": {
      "version": "6.26.0",
      "resolved": "https://registry.npmjs.org/babel-runtime/-/babel-runtime-6.26.0.tgz",
      "integrity": "sha512-ITKNuq2wKlW1fJg9sSW52eepoYgZBggvOAHC0u/CYu/qxQ9EVzThCgR69BnSXLHjy2f7SY5zaQ4yt7H9ZVxY2g==",
      "license": "MIT",
      "dependencies": {
        "core-js": "^2.4.0",
        "regenerator-runtime": "^0.11.0"
      }
    },
    "node_modules/backbone-esnext-events": {
      "version": "0.3.5",
      "resolved": "https://registry.npmjs.org/backbone-esnext-events/-/backbone-esnext-events-0.3.5.tgz",
      "integrity": "sha512-n208qnhO6kARjSHLZIBs1w6ECpybIBzFE6X1x2XTIGx+U+6qlSctizq9bCh+Xf5XHsSyipIgoxc1grZG7nCxfw==",
      "license": "MPL-2.0",
      "dependencies": {
        "babel-runtime": "^6.0.0"
      }
    },
    "node_modules/cloc": {
      "version": "2.6.0-cloc",
      "resolved": "https://registry.npmjs.org/cloc/-/cloc-2.6.0-cloc.tgz",
      "integrity": "sha512-fCHPvFN6I7WmC005u99WqLxqWnWhEra0YCppc2k8lpRZrPFIEaHaNxgJ+funlSRIZMSIOqxwpt7pmEKDPFCz2g==",
      "license": "GPL-2.0",
      "bin": {
        "cloc": "lib/cloc"
      }
    },
    "node_modules/commander": {
      "version": "2.20.3",
      "resolved": "https://registry.npmjs.org/commander/-/commander-2.20.3.tgz",
      "integrity": "sha512-GpVkmM8vF2vQUkj2LvZmD35JxeJOLCwJ9cUkugyk2nuhbv3+mJvpLYYt+0+USMxE+oj+ey/lJEnhZw75x/OMcQ==",
      "license": "MIT"
    },
    "node_modules/core-js": {
      "version": "2.6.12",
      "resolved": "https://registry.npmjs.org/core-js/-/core-js-2.6.12.tgz",
      "integrity": "sha512-Kb2wC0fvsWfQrgk8HU5lW6U/Lcs8+9aaYcy4ZFc6DDlo4nZ7n70dEgE5rtR0oG6ufKDUnrwfWL1mXR5ljDatrQ==",
      "deprecated": "core-js@<3.23.3 is no longer maintained and not recommended for usage due to the number of issues. Because of the V8 engine whims, feature detection in old core-js versions could cause a slowdown up to 100x even if nothing is polyfilled. Some versions have web compatibility issues. Please, upgrade your dependencies to the actual version of core-js.",
      "hasInstallScript": true,
      "license": "MIT"
    },
    "node_modules/escomplex-plugin-metrics-module": {
      "version": "0.1.0",
      "resolved": "https://registry.npmjs.org/escomplex-plugin-metrics-module/-/escomplex-plugin-metrics-module-0.1.0.tgz",
      "integrity": "sha512-lEHGInx1gAfgIRJeSTXggTvfEtIG061G0Kzk4hIq0qN6nd2prXZihAPRuLB9DdxCmxXvLVFqi+Bnun9rDw1/zg==",
      "license": "MPL-2.0",
      "dependencies": {
        "typhonjs-escomplex-commons": "^0.1.0"
      }
    },
    "node_modules/escomplex-plugin-metrics-project": {
      "version": "0.1.0",
      "resolved": "https://registry.npmjs.org/escomplex-plugin-metrics-project/-/escomplex-plugin-metrics-project-0.1.0.tgz",
      "integrity": "sha512-/9Nf2UJ77qo3TBuWwvFnuNPziHC50nPOxldTZvCEzvwePp+BdI5whlDnJHV9rh3gT75CFODJDM80mBJI+px6/g==",
      "license": "MPL-2.0",
      "dependencies": {
        "typhonjs-escomplex-commons": "^0.1.0"
      }
    },
    "node_modules/escomplex-plugin-syntax-babylon": {
      "version": "0.1.0",
      "resolved": "https://registry.npmjs.org/escomplex-plugin-syntax-babylon/-/escomplex-plugin-syntax-babylon-0.1.0.tgz",
      "integrity": "sha512-KNjE0Rf1jNteb7zwFyv4G3+TIuHqUfnmXpRf5u9iJkrbVXjmbC7Fg5UEA1Net8gvoV9RLVImFFaLZxclaagqAA==",
      "license": "MPL-2.0",
      "dependencies": {
        "escomplex-plugin-syntax-estree": "^0.1.0",
        "typhonjs-escomplex-commons": "^0.1.0"
      }
    },
    "node_modules/escomplex-plugin-syntax-estree": {
      "version": "0.1.0",
      "resolved": "https://registry.npmjs.org/escomplex-plugin-syntax-estree/-/escomplex-plugin-syntax-estree-0.1.0.tgz",
      "integrity": "sha512-uhgBgEhq91rq+1OStjDwpxpS5ehQdq1X/Y7DYCQHplczJN9ZzyoiHostZ4CqywLgDkyicvIyt/8LBYjBaNFc7w==",
      "license": "MPL-2.0",
      "dependencies": {
        "typhonjs-escomplex-commons": "^0.1.0"
      }
    },
    "node_modules/regenerator-runtime": {
      "version": "0.11.1",
      "resolved": "https://registry.npmjs.org/regenerator-runtime/-/regenerator-runtime-0.11.1.tgz",
      "integrity": "sha512-MguG95oij0fC3QV3URf4V2SDYGJhJnJGqvIIgdECeODCT98wSWDAJ94SSuVpYQUoTcGUIL6L4yNB7j1DFFHSBg==",
      "license": "MIT"
    },
    "node_modules/typhonjs-ast-walker": {
      "version": "0.2.1",
      "resolved": "https://registry.npmjs.org/typhonjs-ast-walker/-/typhonjs-ast-walker-0.2.1.tgz",
      "integrity": "sha512-CpnkW3kxunDwKW2y99jqHCAPqhUzY9T033TM/GOWvtSIP33xy7kOPzp8hPx+Ns2Z4Q7n7PkFqUGPy/ijs3Y3eA==",
      "license": "MPL-2.0"
    },
    "node_modules/typhonjs-escomplex": {
      "version": "0.1.0",
      "resolved": "https://registry.npmjs.org/typhonjs-escomplex/-/typhonjs-escomplex-0.1.0.tgz",
      "integrity": "sha512-B2r31mRH/ZuuogZADqOBP4NPnqBH2mzEP+Pjm+5R8/z0iHLwUTRadkDQL4yv33qsHdIHlvnpOHh6iUo69v2mPA==",
      "license": "MPL-2.0",
      "dependencies": {
        "@typhonjs/babel-parser": "^0.2.0",
        "commander": "^2.0.0",
        "typhonjs-escomplex-module": "^0.1.0",
        "typhonjs-escomplex-project": "^0.1.0"
      }
    },
    "node_modules/typhonjs-escomplex-commons": {
      "version": "0.1.1",
      "resolved": "https://registry.npmjs.org/typhonjs-escomplex-commons/-/typhonjs-escomplex-commons-0.1.1.tgz",
      "integrity": "sha512-nIeiokmcupP3t34KVhynHi0LrjMM6QzbHiwK8+Kl/GnAq4o/jK+cCiu4Zt9mZgJKUzUGRtW1kqoZI2RlAchkgg==",
      "license": "MPL-2.0"
    },
    "node_modules/typhonjs-escomplex-module": {
      "version": "0.1.0",
      "resolved": "https://registry.npmjs.org/typhonjs-escomplex-module/-/typhonjs-escomplex-module-0.1.0.tgz",
      "integrity": "sha512-ViviuBg7Etrl8HeQcwQ9gui9s0rpnFPXltXUFAvOzeQScb+xrLijBq7Z0cveriKQegne/tGTn4ljZg0prwDyTw==",
      "license": "MPL-2.0",
      "dependencies": {
        "escomplex-plugin-metrics-module": "^0.1.0",
        "escomplex-plugin-syntax-babylon": "^0.1.0",
        "typhonjs-ast-walker": "^0.2.0",
        "typhonjs-escomplex-commons": "^0.1.0",
        "typhonjs-plugin-manager": "^0.2.0"
      }
    },
    "node_modules/typhonjs-escomplex-project": {
      "version": "0.1.0",
      "resolved": "https://registry.npmjs.org/typhonjs-escomplex-project/-/typhonjs-escomplex-project-0.1.0.tgz",
      "integrity": "sha512-2NdkUsDmxcgsNFqn14CYl5Xfzlig7kKtU/ACOLRN6/nP9c3rlHizVr8YdBYRf2H1sOjmjfNmbC6i1RVnnJZxZQ==",
      "license": "MPL-2.0",
      "dependencies": {
        "escomplex-plugin-metrics-project": "^0.1.0",
        "typhonjs-escomplex-commons": "^0.1.0",
        "typhonjs-escomplex-module": "^0.1.0",
        "typhonjs-plugin-manager": "^0.2.0"
      }
    },
    "node_modules/typhonjs-object-util": {
      "version": "0.4.2",
      "resolved": "https://registry.npmjs.org/typhonjs-object-util/-/typhonjs-object-util-0.4.2.tgz",
      "integrity": "sha512-qs4Mn45ryJBNbXQ+QV1vvz4h0c0ED5my+XFo5Kp5iEIbA3KGuJZjI5AEAucfPLEX6VDZ2eJQqMkrstxLY5jTdw==",
      "license": "MPL-2.0",
      "dependencies": {
        "babel-runtime": "^6.0.0"
      }
    },
    "node_modules/typhonjs-plugin-manager": {
      "version": "0.2.0",
      "resolved": "https://registry.npmjs.org/typhonjs-plugin-manager/-/typhonjs-plugin-manager-0.2.0.tgz",
      "integrity": "sha512-Plo2Z8jGLNlhoVOUFU5Dm2Vj/rjnaZycCSdklFeVXq3/+qo6k855Aya0WrkLTdjdj+spes60mRXyQnxHxXcHUQ==",
      "license": "MPL-2.0",
      "dependencies": {
        "babel-runtime": "^6.0.0",
        "backbone-esnext-events": "<1.0.0",
        "typhonjs-object-util": "^0.4.0"
      }
    }
  }
}
